// !$*UTF8*$!
{
	archiveVersion = 1;
	classes = {
	};
	objectVersion = 48;
	objects = {

/* Begin PBXBuildFile section */
		0CDF9743B51C0E4A73ACB230 /* Pods_JarvisUITests.framework in Frameworks */ = {isa = PBXBuildFile; fileRef = 27D624EFC10F58A2A4E8C47F /* Pods_JarvisUITests.framework */; };
		42B4505CB22C89C0B463032C /* Pods_JarvisTests.framework in Frameworks */ = {isa = PBXBuildFile; fileRef = 0113E3C8FF7C43215D39544B /* Pods_JarvisTests.framework */; };
		840C447F1FF39762000F55C2 /* FinishedGame_ViewController.swift in Sources */ = {isa = PBXBuildFile; fileRef = 840C447E1FF39762000F55C2 /* FinishedGame_ViewController.swift */; };
		843C01611FFBA57300B495EE /* ModelFirebase.swift in Sources */ = {isa = PBXBuildFile; fileRef = 843C01601FFBA57300B495EE /* ModelFirebase.swift */; };
		843C01631FFBB48F00B495EE /* GoogleService-Info.plist in Resources */ = {isa = PBXBuildFile; fileRef = 843C01621FFBB48F00B495EE /* GoogleService-Info.plist */; };
		843C01651FFBC04200B495EE /* User.swift in Sources */ = {isa = PBXBuildFile; fileRef = 843C01641FFBC04100B495EE /* User.swift */; };
		848BB7291FF2831F0048718E /* AppDelegate.swift in Sources */ = {isa = PBXBuildFile; fileRef = 848BB7281FF2831F0048718E /* AppDelegate.swift */; };
		848BB72B1FF2831F0048718E /* ViewController.swift in Sources */ = {isa = PBXBuildFile; fileRef = 848BB72A1FF2831F0048718E /* ViewController.swift */; };
		848BB72E1FF2831F0048718E /* Main.storyboard in Resources */ = {isa = PBXBuildFile; fileRef = 848BB72C1FF2831F0048718E /* Main.storyboard */; };
		848BB7301FF2831F0048718E /* Assets.xcassets in Resources */ = {isa = PBXBuildFile; fileRef = 848BB72F1FF2831F0048718E /* Assets.xcassets */; };
		848BB7331FF2831F0048718E /* LaunchScreen.storyboard in Resources */ = {isa = PBXBuildFile; fileRef = 848BB7311FF2831F0048718E /* LaunchScreen.storyboard */; };
		848BB73E1FF2831F0048718E /* JarvisTests.swift in Sources */ = {isa = PBXBuildFile; fileRef = 848BB73D1FF2831F0048718E /* JarvisTests.swift */; };
		848BB7491FF2831F0048718E /* JarvisUITests.swift in Sources */ = {isa = PBXBuildFile; fileRef = 848BB7481FF2831F0048718E /* JarvisUITests.swift */; };
		848BB7571FF28AFF0048718E /* Question.swift in Sources */ = {isa = PBXBuildFile; fileRef = 848BB7561FF28AFF0048718E /* Question.swift */; };
		99903830C756E6397052716E /* Pods_Jarvis.framework in Frameworks */ = {isa = PBXBuildFile; fileRef = 11A60CD9C53887F3881EB74F /* Pods_Jarvis.framework */; };
/* End PBXBuildFile section */

/* Begin PBXContainerItemProxy section */
		848BB73A1FF2831F0048718E /* PBXContainerItemProxy */ = {
			isa = PBXContainerItemProxy;
			containerPortal = 848BB71D1FF2831E0048718E /* Project object */;
			proxyType = 1;
			remoteGlobalIDString = 848BB7241FF2831F0048718E;
			remoteInfo = Jarvis;
		};
		848BB7451FF2831F0048718E /* PBXContainerItemProxy */ = {
			isa = PBXContainerItemProxy;
			containerPortal = 848BB71D1FF2831E0048718E /* Project object */;
			proxyType = 1;
			remoteGlobalIDString = 848BB7241FF2831F0048718E;
			remoteInfo = Jarvis;
		};
/* End PBXContainerItemProxy section */

/* Begin PBXFileReference section */
		0113E3C8FF7C43215D39544B /* Pods_JarvisTests.framework */ = {isa = PBXFileReference; explicitFileType = wrapper.framework; includeInIndex = 0; path = Pods_JarvisTests.framework; sourceTree = BUILT_PRODUCTS_DIR; };
		11A60CD9C53887F3881EB74F /* Pods_Jarvis.framework */ = {isa = PBXFileReference; explicitFileType = wrapper.framework; includeInIndex = 0; path = Pods_Jarvis.framework; sourceTree = BUILT_PRODUCTS_DIR; };
		27D624EFC10F58A2A4E8C47F /* Pods_JarvisUITests.framework */ = {isa = PBXFileReference; explicitFileType = wrapper.framework; includeInIndex = 0; path = Pods_JarvisUITests.framework; sourceTree = BUILT_PRODUCTS_DIR; };
		30EE71484BA24DF01334488B /* Pods-Jarvis.debug.xcconfig */ = {isa = PBXFileReference; includeInIndex = 1; lastKnownFileType = text.xcconfig; name = "Pods-Jarvis.debug.xcconfig"; path = "Pods/Target Support Files/Pods-Jarvis/Pods-Jarvis.debug.xcconfig"; sourceTree = "<group>"; };
		3F49A2AEE66DE99AAA11FA64 /* Pods-JarvisUITests.debug.xcconfig */ = {isa = PBXFileReference; includeInIndex = 1; lastKnownFileType = text.xcconfig; name = "Pods-JarvisUITests.debug.xcconfig"; path = "Pods/Target Support Files/Pods-JarvisUITests/Pods-JarvisUITests.debug.xcconfig"; sourceTree = "<group>"; };
		3F66B759D5F8EFC164CFE2E4 /* Pods-JarvisTests.debug.xcconfig */ = {isa = PBXFileReference; includeInIndex = 1; lastKnownFileType = text.xcconfig; name = "Pods-JarvisTests.debug.xcconfig"; path = "Pods/Target Support Files/Pods-JarvisTests/Pods-JarvisTests.debug.xcconfig"; sourceTree = "<group>"; };
		63682EBD442C29BE57CF0776 /* Pods-JarvisTests.release.xcconfig */ = {isa = PBXFileReference; includeInIndex = 1; lastKnownFileType = text.xcconfig; name = "Pods-JarvisTests.release.xcconfig"; path = "Pods/Target Support Files/Pods-JarvisTests/Pods-JarvisTests.release.xcconfig"; sourceTree = "<group>"; };
		840C447E1FF39762000F55C2 /* FinishedGame_ViewController.swift */ = {isa = PBXFileReference; lastKnownFileType = sourcecode.swift; path = FinishedGame_ViewController.swift; sourceTree = "<group>"; };
		843C01601FFBA57300B495EE /* ModelFirebase.swift */ = {isa = PBXFileReference; lastKnownFileType = sourcecode.swift; name = ModelFirebase.swift; path = /Users/sapir1126/Documents/Jarvis/Jarvis/Model/ModelFirebase.swift; sourceTree = "<absolute>"; };
		843C01621FFBB48F00B495EE /* GoogleService-Info.plist */ = {isa = PBXFileReference; fileEncoding = 4; lastKnownFileType = text.plist.xml; path = "GoogleService-Info.plist"; sourceTree = "<group>"; };
		843C01641FFBC04100B495EE /* User.swift */ = {isa = PBXFileReference; lastKnownFileType = sourcecode.swift; path = User.swift; sourceTree = "<group>"; };
		848BB7251FF2831F0048718E /* Jarvis.app */ = {isa = PBXFileReference; explicitFileType = wrapper.application; includeInIndex = 0; path = Jarvis.app; sourceTree = BUILT_PRODUCTS_DIR; };
		848BB7281FF2831F0048718E /* AppDelegate.swift */ = {isa = PBXFileReference; lastKnownFileType = sourcecode.swift; path = AppDelegate.swift; sourceTree = "<group>"; };
		848BB72A1FF2831F0048718E /* ViewController.swift */ = {isa = PBXFileReference; lastKnownFileType = sourcecode.swift; path = ViewController.swift; sourceTree = "<group>"; };
		848BB72D1FF2831F0048718E /* Base */ = {isa = PBXFileReference; lastKnownFileType = file.storyboard; name = Base; path = Base.lproj/Main.storyboard; sourceTree = "<group>"; };
		848BB72F1FF2831F0048718E /* Assets.xcassets */ = {isa = PBXFileReference; lastKnownFileType = folder.assetcatalog; path = Assets.xcassets; sourceTree = "<group>"; };
		848BB7321FF2831F0048718E /* Base */ = {isa = PBXFileReference; lastKnownFileType = file.storyboard; name = Base; path = Base.lproj/LaunchScreen.storyboard; sourceTree = "<group>"; };
		848BB7341FF2831F0048718E /* Info.plist */ = {isa = PBXFileReference; lastKnownFileType = text.plist.xml; path = Info.plist; sourceTree = "<group>"; };
		848BB7391FF2831F0048718E /* JarvisTests.xctest */ = {isa = PBXFileReference; explicitFileType = wrapper.cfbundle; includeInIndex = 0; path = JarvisTests.xctest; sourceTree = BUILT_PRODUCTS_DIR; };
		848BB73D1FF2831F0048718E /* JarvisTests.swift */ = {isa = PBXFileReference; lastKnownFileType = sourcecode.swift; path = JarvisTests.swift; sourceTree = "<group>"; };
		848BB73F1FF2831F0048718E /* Info.plist */ = {isa = PBXFileReference; lastKnownFileType = text.plist.xml; path = Info.plist; sourceTree = "<group>"; };
		848BB7441FF2831F0048718E /* JarvisUITests.xctest */ = {isa = PBXFileReference; explicitFileType = wrapper.cfbundle; includeInIndex = 0; path = JarvisUITests.xctest; sourceTree = BUILT_PRODUCTS_DIR; };
		848BB7481FF2831F0048718E /* JarvisUITests.swift */ = {isa = PBXFileReference; lastKnownFileType = sourcecode.swift; path = JarvisUITests.swift; sourceTree = "<group>"; };
		848BB74A1FF283200048718E /* Info.plist */ = {isa = PBXFileReference; lastKnownFileType = text.plist.xml; path = Info.plist; sourceTree = "<group>"; };
		848BB7561FF28AFF0048718E /* Question.swift */ = {isa = PBXFileReference; lastKnownFileType = sourcecode.swift; path = Question.swift; sourceTree = "<group>"; };
		B69FF898D490DF8A20CD4CFB /* Pods-JarvisUITests.release.xcconfig */ = {isa = PBXFileReference; includeInIndex = 1; lastKnownFileType = text.xcconfig; name = "Pods-JarvisUITests.release.xcconfig"; path = "Pods/Target Support Files/Pods-JarvisUITests/Pods-JarvisUITests.release.xcconfig"; sourceTree = "<group>"; };
		DF35A9425DCE9883C0C2A405 /* Pods-Jarvis.release.xcconfig */ = {isa = PBXFileReference; includeInIndex = 1; lastKnownFileType = text.xcconfig; name = "Pods-Jarvis.release.xcconfig"; path = "Pods/Target Support Files/Pods-Jarvis/Pods-Jarvis.release.xcconfig"; sourceTree = "<group>"; };
/* End PBXFileReference section */

/* Begin PBXFrameworksBuildPhase section */
		848BB7221FF2831F0048718E /* Frameworks */ = {
			isa = PBXFrameworksBuildPhase;
			buildActionMask = 2147483647;
			files = (
				99903830C756E6397052716E /* Pods_Jarvis.framework in Frameworks */,
			);
			runOnlyForDeploymentPostprocessing = 0;
		};
		848BB7361FF2831F0048718E /* Frameworks */ = {
			isa = PBXFrameworksBuildPhase;
			buildActionMask = 2147483647;
			files = (
				42B4505CB22C89C0B463032C /* Pods_JarvisTests.framework in Frameworks */,
			);
			runOnlyForDeploymentPostprocessing = 0;
		};
		848BB7411FF2831F0048718E /* Frameworks */ = {
			isa = PBXFrameworksBuildPhase;
			buildActionMask = 2147483647;
			files = (
				0CDF9743B51C0E4A73ACB230 /* Pods_JarvisUITests.framework in Frameworks */,
			);
			runOnlyForDeploymentPostprocessing = 0;
		};
/* End PBXFrameworksBuildPhase section */

/* Begin PBXGroup section */
		30E45C156DBF0789DEC19625 /* Pods */ = {
			isa = PBXGroup;
			children = (
				30EE71484BA24DF01334488B /* Pods-Jarvis.debug.xcconfig */,
				DF35A9425DCE9883C0C2A405 /* Pods-Jarvis.release.xcconfig */,
				3F66B759D5F8EFC164CFE2E4 /* Pods-JarvisTests.debug.xcconfig */,
				63682EBD442C29BE57CF0776 /* Pods-JarvisTests.release.xcconfig */,
				3F49A2AEE66DE99AAA11FA64 /* Pods-JarvisUITests.debug.xcconfig */,
				B69FF898D490DF8A20CD4CFB /* Pods-JarvisUITests.release.xcconfig */,
			);
			name = Pods;
			sourceTree = "<group>";
		};
		448ACE7B764963F2DF94B603 /* Frameworks */ = {
			isa = PBXGroup;
			children = (
				11A60CD9C53887F3881EB74F /* Pods_Jarvis.framework */,
				0113E3C8FF7C43215D39544B /* Pods_JarvisTests.framework */,
				27D624EFC10F58A2A4E8C47F /* Pods_JarvisUITests.framework */,
			);
			name = Frameworks;
			sourceTree = "<group>";
		};
		843C015F1FFBA4E000B495EE /* Model */ = {
			isa = PBXGroup;
			children = (
				843C01601FFBA57300B495EE /* ModelFirebase.swift */,
				848BB7561FF28AFF0048718E /* Question.swift */,
				843C01641FFBC04100B495EE /* User.swift */,
			);
			path = Model;
			sourceTree = "<group>";
		};
		848BB71C1FF2831E0048718E = {
			isa = PBXGroup;
			children = (
				848BB7271FF2831F0048718E /* Jarvis */,
				848BB73C1FF2831F0048718E /* JarvisTests */,
				848BB7471FF2831F0048718E /* JarvisUITests */,
				848BB7261FF2831F0048718E /* Products */,
				30E45C156DBF0789DEC19625 /* Pods */,
				448ACE7B764963F2DF94B603 /* Frameworks */,
			);
			sourceTree = "<group>";
		};
		848BB7261FF2831F0048718E /* Products */ = {
			isa = PBXGroup;
			children = (
				848BB7251FF2831F0048718E /* Jarvis.app */,
				848BB7391FF2831F0048718E /* JarvisTests.xctest */,
				848BB7441FF2831F0048718E /* JarvisUITests.xctest */,
			);
			name = Products;
			sourceTree = "<group>";
		};
		848BB7271FF2831F0048718E /* Jarvis */ = {
			isa = PBXGroup;
			children = (
				843C01621FFBB48F00B495EE /* GoogleService-Info.plist */,
				843C015F1FFBA4E000B495EE /* Model */,
				848BB7281FF2831F0048718E /* AppDelegate.swift */,
				848BB72A1FF2831F0048718E /* ViewController.swift */,
				848BB72C1FF2831F0048718E /* Main.storyboard */,
				848BB72F1FF2831F0048718E /* Assets.xcassets */,
				848BB7311FF2831F0048718E /* LaunchScreen.storyboard */,
				848BB7341FF2831F0048718E /* Info.plist */,
				840C447E1FF39762000F55C2 /* FinishedGame_ViewController.swift */,
			);
			path = Jarvis;
			sourceTree = "<group>";
		};
		848BB73C1FF2831F0048718E /* JarvisTests */ = {
			isa = PBXGroup;
			children = (
				848BB73D1FF2831F0048718E /* JarvisTests.swift */,
				848BB73F1FF2831F0048718E /* Info.plist */,
			);
			path = JarvisTests;
			sourceTree = "<group>";
		};
		848BB7471FF2831F0048718E /* JarvisUITests */ = {
			isa = PBXGroup;
			children = (
				848BB7481FF2831F0048718E /* JarvisUITests.swift */,
				848BB74A1FF283200048718E /* Info.plist */,
			);
			path = JarvisUITests;
			sourceTree = "<group>";
		};
/* End PBXGroup section */

/* Begin PBXNativeTarget section */
		848BB7241FF2831F0048718E /* Jarvis */ = {
			isa = PBXNativeTarget;
			buildConfigurationList = 848BB74D1FF283200048718E /* Build configuration list for PBXNativeTarget "Jarvis" */;
			buildPhases = (
				49C5015B4635F8051B1AA5AC /* [CP] Check Pods Manifest.lock */,
				848BB7211FF2831F0048718E /* Sources */,
				848BB7221FF2831F0048718E /* Frameworks */,
				848BB7231FF2831F0048718E /* Resources */,
				97D52A1E48E071CD929B61A0 /* [CP] Embed Pods Frameworks */,
				C3C8140B4EC3FF04DA4234AC /* [CP] Copy Pods Resources */,
			);
			buildRules = (
			);
			dependencies = (
			);
			name = Jarvis;
			productName = Jarvis;
			productReference = 848BB7251FF2831F0048718E /* Jarvis.app */;
			productType = "com.apple.product-type.application";
		};
		848BB7381FF2831F0048718E /* JarvisTests */ = {
			isa = PBXNativeTarget;
			buildConfigurationList = 848BB7501FF283200048718E /* Build configuration list for PBXNativeTarget "JarvisTests" */;
			buildPhases = (
				C80F98D0198C066E714EFBEE /* [CP] Check Pods Manifest.lock */,
				848BB7351FF2831F0048718E /* Sources */,
				848BB7361FF2831F0048718E /* Frameworks */,
				848BB7371FF2831F0048718E /* Resources */,
				4CC4E2FCB85FF8272275E51B /* [CP] Embed Pods Frameworks */,
				94C8CC4424274A6CE24B97AD /* [CP] Copy Pods Resources */,
			);
			buildRules = (
			);
			dependencies = (
				848BB73B1FF2831F0048718E /* PBXTargetDependency */,
			);
			name = JarvisTests;
			productName = JarvisTests;
			productReference = 848BB7391FF2831F0048718E /* JarvisTests.xctest */;
			productType = "com.apple.product-type.bundle.unit-test";
		};
		848BB7431FF2831F0048718E /* JarvisUITests */ = {
			isa = PBXNativeTarget;
			buildConfigurationList = 848BB7531FF283200048718E /* Build configuration list for PBXNativeTarget "JarvisUITests" */;
			buildPhases = (
				BAFBAFB3FBC28A64B60E49A4 /* [CP] Check Pods Manifest.lock */,
				848BB7401FF2831F0048718E /* Sources */,
				848BB7411FF2831F0048718E /* Frameworks */,
				848BB7421FF2831F0048718E /* Resources */,
				73F2662A6A91F87A2ADD8EF5 /* [CP] Embed Pods Frameworks */,
				7D563DAAA57A21EA089A67EA /* [CP] Copy Pods Resources */,
			);
			buildRules = (
			);
			dependencies = (
				848BB7461FF2831F0048718E /* PBXTargetDependency */,
			);
			name = JarvisUITests;
			productName = JarvisUITests;
			productReference = 848BB7441FF2831F0048718E /* JarvisUITests.xctest */;
			productType = "com.apple.product-type.bundle.ui-testing";
		};
/* End PBXNativeTarget section */

/* Begin PBXProject section */
		848BB71D1FF2831E0048718E /* Project object */ = {
			isa = PBXProject;
			attributes = {
				LastSwiftUpdateCheck = 0900;
				LastUpgradeCheck = 0900;
				ORGANIZATIONNAME = admin;
				TargetAttributes = {
					848BB7241FF2831F0048718E = {
						CreatedOnToolsVersion = 9.0;
						ProvisioningStyle = Automatic;
					};
					848BB7381FF2831F0048718E = {
						CreatedOnToolsVersion = 9.0;
						ProvisioningStyle = Automatic;
						TestTargetID = 848BB7241FF2831F0048718E;
					};
					848BB7431FF2831F0048718E = {
						CreatedOnToolsVersion = 9.0;
						ProvisioningStyle = Automatic;
						TestTargetID = 848BB7241FF2831F0048718E;
					};
				};
			};
			buildConfigurationList = 848BB7201FF2831E0048718E /* Build configuration list for PBXProject "Jarvis" */;
			compatibilityVersion = "Xcode 8.0";
			developmentRegion = en;
			hasScannedForEncodings = 0;
			knownRegions = (
				en,
				Base,
			);
			mainGroup = 848BB71C1FF2831E0048718E;
			productRefGroup = 848BB7261FF2831F0048718E /* Products */;
			projectDirPath = "";
			projectRoot = "";
			targets = (
				848BB7241FF2831F0048718E /* Jarvis */,
				848BB7381FF2831F0048718E /* JarvisTests */,
				848BB7431FF2831F0048718E /* JarvisUITests */,
			);
		};
/* End PBXProject section */

/* Begin PBXResourcesBuildPhase section */
		848BB7231FF2831F0048718E /* Resources */ = {
			isa = PBXResourcesBuildPhase;
			buildActionMask = 2147483647;
			files = (
				848BB7331FF2831F0048718E /* LaunchScreen.storyboard in Resources */,
				848BB7301FF2831F0048718E /* Assets.xcassets in Resources */,
				848BB72E1FF2831F0048718E /* Main.storyboard in Resources */,
				843C01631FFBB48F00B495EE /* GoogleService-Info.plist in Resources */,
			);
			runOnlyForDeploymentPostprocessing = 0;
		};
		848BB7371FF2831F0048718E /* Resources */ = {
			isa = PBXResourcesBuildPhase;
			buildActionMask = 2147483647;
			files = (
			);
			runOnlyForDeploymentPostprocessing = 0;
		};
		848BB7421FF2831F0048718E /* Resources */ = {
			isa = PBXResourcesBuildPhase;
			buildActionMask = 2147483647;
			files = (
			);
			runOnlyForDeploymentPostprocessing = 0;
		};
/* End PBXResourcesBuildPhase section */

/* Begin PBXShellScriptBuildPhase section */
		49C5015B4635F8051B1AA5AC /* [CP] Check Pods Manifest.lock */ = {
			isa = PBXShellScriptBuildPhase;
			buildActionMask = 2147483647;
			files = (
			);
			inputPaths = (
				"${PODS_PODFILE_DIR_PATH}/Podfile.lock",
				"${PODS_ROOT}/Manifest.lock",
			);
			name = "[CP] Check Pods Manifest.lock";
			outputPaths = (
				"$(DERIVED_FILE_DIR)/Pods-Jarvis-checkManifestLockResult.txt",
			);
			runOnlyForDeploymentPostprocessing = 0;
			shellPath = /bin/sh;
			shellScript = "diff \"${PODS_PODFILE_DIR_PATH}/Podfile.lock\" \"${PODS_ROOT}/Manifest.lock\" > /dev/null\nif [ $? != 0 ] ; then\n    # print error to STDERR\n    echo \"error: The sandbox is not in sync with the Podfile.lock. Run 'pod install' or update your CocoaPods installation.\" >&2\n    exit 1\nfi\n# This output is used by Xcode 'outputs' to avoid re-running this script phase.\necho \"SUCCESS\" > \"${SCRIPT_OUTPUT_FILE_0}\"\n";
			showEnvVarsInLog = 0;
		};
		4CC4E2FCB85FF8272275E51B /* [CP] Embed Pods Frameworks */ = {
			isa = PBXShellScriptBuildPhase;
			buildActionMask = 2147483647;
			files = (
			);
			inputPaths = (
			);
			name = "[CP] Embed Pods Frameworks";
			outputPaths = (
			);
			runOnlyForDeploymentPostprocessing = 0;
			shellPath = /bin/sh;
			shellScript = "\"${SRCROOT}/Pods/Target Support Files/Pods-JarvisTests/Pods-JarvisTests-frameworks.sh\"\n";
			showEnvVarsInLog = 0;
		};
		73F2662A6A91F87A2ADD8EF5 /* [CP] Embed Pods Frameworks */ = {
			isa = PBXShellScriptBuildPhase;
			buildActionMask = 2147483647;
			files = (
			);
			inputPaths = (
			);
			name = "[CP] Embed Pods Frameworks";
			outputPaths = (
			);
			runOnlyForDeploymentPostprocessing = 0;
			shellPath = /bin/sh;
			shellScript = "\"${SRCROOT}/Pods/Target Support Files/Pods-JarvisUITests/Pods-JarvisUITests-frameworks.sh\"\n";
			showEnvVarsInLog = 0;
		};
		7D563DAAA57A21EA089A67EA /* [CP] Copy Pods Resources */ = {
			isa = PBXShellScriptBuildPhase;
			buildActionMask = 2147483647;
			files = (
			);
			inputPaths = (
			);
			name = "[CP] Copy Pods Resources";
			outputPaths = (
			);
			runOnlyForDeploymentPostprocessing = 0;
			shellPath = /bin/sh;
			shellScript = "\"${SRCROOT}/Pods/Target Support Files/Pods-JarvisUITests/Pods-JarvisUITests-resources.sh\"\n";
			showEnvVarsInLog = 0;
		};
		94C8CC4424274A6CE24B97AD /* [CP] Copy Pods Resources */ = {
			isa = PBXShellScriptBuildPhase;
			buildActionMask = 2147483647;
			files = (
			);
			inputPaths = (
			);
			name = "[CP] Copy Pods Resources";
			outputPaths = (
			);
			runOnlyForDeploymentPostprocessing = 0;
			shellPath = /bin/sh;
			shellScript = "\"${SRCROOT}/Pods/Target Support Files/Pods-JarvisTests/Pods-JarvisTests-resources.sh\"\n";
			showEnvVarsInLog = 0;
		};
		97D52A1E48E071CD929B61A0 /* [CP] Embed Pods Frameworks */ = {
			isa = PBXShellScriptBuildPhase;
			buildActionMask = 2147483647;
			files = (
			);
			inputPaths = (
				"${SRCROOT}/Pods/Target Support Files/Pods-Jarvis/Pods-Jarvis-frameworks.sh",
				"${BUILT_PRODUCTS_DIR}/GTMSessionFetcher/GTMSessionFetcher.framework",
				"${BUILT_PRODUCTS_DIR}/GoogleToolboxForMac/GoogleToolboxForMac.framework",
				"${BUILT_PRODUCTS_DIR}/leveldb-library/leveldb.framework",
				"${BUILT_PRODUCTS_DIR}/nanopb/nanopb.framework",
			);
			name = "[CP] Embed Pods Frameworks";
			outputPaths = (
				"${TARGET_BUILD_DIR}/${FRAMEWORKS_FOLDER_PATH}/GTMSessionFetcher.framework",
				"${TARGET_BUILD_DIR}/${FRAMEWORKS_FOLDER_PATH}/GoogleToolboxForMac.framework",
				"${TARGET_BUILD_DIR}/${FRAMEWORKS_FOLDER_PATH}/leveldb.framework",
				"${TARGET_BUILD_DIR}/${FRAMEWORKS_FOLDER_PATH}/nanopb.framework",
			);
			runOnlyForDeploymentPostprocessing = 0;
			shellPath = /bin/sh;
			shellScript = "\"${SRCROOT}/Pods/Target Support Files/Pods-Jarvis/Pods-Jarvis-frameworks.sh\"\n";
			showEnvVarsInLog = 0;
		};
		BAFBAFB3FBC28A64B60E49A4 /* [CP] Check Pods Manifest.lock */ = {
			isa = PBXShellScriptBuildPhase;
			buildActionMask = 2147483647;
			files = (
			);
			inputPaths = (
				"${PODS_PODFILE_DIR_PATH}/Podfile.lock",
				"${PODS_ROOT}/Manifest.lock",
			);
			name = "[CP] Check Pods Manifest.lock";
			outputPaths = (
				"$(DERIVED_FILE_DIR)/Pods-JarvisUITests-checkManifestLockResult.txt",
			);
			runOnlyForDeploymentPostprocessing = 0;
			shellPath = /bin/sh;
			shellScript = "diff \"${PODS_PODFILE_DIR_PATH}/Podfile.lock\" \"${PODS_ROOT}/Manifest.lock\" > /dev/null\nif [ $? != 0 ] ; then\n    # print error to STDERR\n    echo \"error: The sandbox is not in sync with the Podfile.lock. Run 'pod install' or update your CocoaPods installation.\" >&2\n    exit 1\nfi\n# This output is used by Xcode 'outputs' to avoid re-running this script phase.\necho \"SUCCESS\" > \"${SCRIPT_OUTPUT_FILE_0}\"\n";
			showEnvVarsInLog = 0;
		};
		C3C8140B4EC3FF04DA4234AC /* [CP] Copy Pods Resources */ = {
			isa = PBXShellScriptBuildPhase;
			buildActionMask = 2147483647;
			files = (
			);
			inputPaths = (
			);
			name = "[CP] Copy Pods Resources";
			outputPaths = (
			);
			runOnlyForDeploymentPostprocessing = 0;
			shellPath = /bin/sh;
			shellScript = "\"${SRCROOT}/Pods/Target Support Files/Pods-Jarvis/Pods-Jarvis-resources.sh\"\n";
			showEnvVarsInLog = 0;
		};
		C80F98D0198C066E714EFBEE /* [CP] Check Pods Manifest.lock */ = {
			isa = PBXShellScriptBuildPhase;
			buildActionMask = 2147483647;
			files = (
			);
			inputPaths = (
				"${PODS_PODFILE_DIR_PATH}/Podfile.lock",
				"${PODS_ROOT}/Manifest.lock",
			);
			name = "[CP] Check Pods Manifest.lock";
			outputPaths = (
				"$(DERIVED_FILE_DIR)/Pods-JarvisTests-checkManifestLockResult.txt",
			);
			runOnlyForDeploymentPostprocessing = 0;
			shellPath = /bin/sh;
			shellScript = "diff \"${PODS_PODFILE_DIR_PATH}/Podfile.lock\" \"${PODS_ROOT}/Manifest.lock\" > /dev/null\nif [ $? != 0 ] ; then\n    # print error to STDERR\n    echo \"error: The sandbox is not in sync with the Podfile.lock. Run 'pod install' or update your CocoaPods installation.\" >&2\n    exit 1\nfi\n# This output is used by Xcode 'outputs' to avoid re-running this script phase.\necho \"SUCCESS\" > \"${SCRIPT_OUTPUT_FILE_0}\"\n";
			showEnvVarsInLog = 0;
		};
/* End PBXShellScriptBuildPhase section */

/* Begin PBXSourcesBuildPhase section */
		848BB7211FF2831F0048718E /* Sources */ = {
			isa = PBXSourcesBuildPhase;
			buildActionMask = 2147483647;
			files = (
				848BB7571FF28AFF0048718E /* Question.swift in Sources */,
				848BB72B1FF2831F0048718E /* ViewController.swift in Sources */,
				843C01651FFBC04200B495EE /* User.swift in Sources */,
				840C447F1FF39762000F55C2 /* FinishedGame_ViewController.swift in Sources */,
				843C01611FFBA57300B495EE /* ModelFirebase.swift in Sources */,
				848BB7291FF2831F0048718E /* AppDelegate.swift in Sources */,
			);
			runOnlyForDeploymentPostprocessing = 0;
		};
		848BB7351FF2831F0048718E /* Sources */ = {
			isa = PBXSourcesBuildPhase;
			buildActionMask = 2147483647;
			files = (
				848BB73E1FF2831F0048718E /* JarvisTests.swift in Sources */,
			);
			runOnlyForDeploymentPostprocessing = 0;
		};
		848BB7401FF2831F0048718E /* Sources */ = {
			isa = PBXSourcesBuildPhase;
			buildActionMask = 2147483647;
			files = (
				848BB7491FF2831F0048718E /* JarvisUITests.swift in Sources */,
			);
			runOnlyForDeploymentPostprocessing = 0;
		};
/* End PBXSourcesBuildPhase section */

/* Begin PBXTargetDependency section */
		848BB73B1FF2831F0048718E /* PBXTargetDependency */ = {
			isa = PBXTargetDependency;
			target = 848BB7241FF2831F0048718E /* Jarvis */;
			targetProxy = 848BB73A1FF2831F0048718E /* PBXContainerItemProxy */;
		};
		848BB7461FF2831F0048718E /* PBXTargetDependency */ = {
			isa = PBXTargetDependency;
			target = 848BB7241FF2831F0048718E /* Jarvis */;
			targetProxy = 848BB7451FF2831F0048718E /* PBXContainerItemProxy */;
		};
/* End PBXTargetDependency section */

/* Begin PBXVariantGroup section */
		848BB72C1FF2831F0048718E /* Main.storyboard */ = {
			isa = PBXVariantGroup;
			children = (
				848BB72D1FF2831F0048718E /* Base */,
			);
			name = Main.storyboard;
			sourceTree = "<group>";
		};
		848BB7311FF2831F0048718E /* LaunchScreen.storyboard */ = {
			isa = PBXVariantGroup;
			children = (
				848BB7321FF2831F0048718E /* Base */,
			);
			name = LaunchScreen.storyboard;
			sourceTree = "<group>";
		};
/* End PBXVariantGroup section */

/* Begin XCBuildConfiguration section */
		848BB74B1FF283200048718E /* Debug */ = {
			isa = XCBuildConfiguration;
			buildSettings = {
				ALWAYS_SEARCH_USER_PATHS = NO;
				CLANG_ANALYZER_NONNULL = YES;
				CLANG_ANALYZER_NUMBER_OBJECT_CONVERSION = YES_AGGRESSIVE;
				CLANG_CXX_LANGUAGE_STANDARD = "gnu++14";
				CLANG_CXX_LIBRARY = "libc++";
				CLANG_ENABLE_MODULES = YES;
				CLANG_ENABLE_OBJC_ARC = YES;
				CLANG_WARN_BLOCK_CAPTURE_AUTORELEASING = YES;
				CLANG_WARN_BOOL_CONVERSION = YES;
				CLANG_WARN_COMMA = YES;
				CLANG_WARN_CONSTANT_CONVERSION = YES;
				CLANG_WARN_DIRECT_OBJC_ISA_USAGE = YES_ERROR;
				CLANG_WARN_DOCUMENTATION_COMMENTS = YES;
				CLANG_WARN_EMPTY_BODY = YES;
				CLANG_WARN_ENUM_CONVERSION = YES;
				CLANG_WARN_INFINITE_RECURSION = YES;
				CLANG_WARN_INT_CONVERSION = YES;
				CLANG_WARN_NON_LITERAL_NULL_CONVERSION = YES;
				CLANG_WARN_OBJC_LITERAL_CONVERSION = YES;
				CLANG_WARN_OBJC_ROOT_CLASS = YES_ERROR;
				CLANG_WARN_RANGE_LOOP_ANALYSIS = YES;
				CLANG_WARN_STRICT_PROTOTYPES = YES;
				CLANG_WARN_SUSPICIOUS_MOVE = YES;
				CLANG_WARN_UNGUARDED_AVAILABILITY = YES_AGGRESSIVE;
				CLANG_WARN_UNREACHABLE_CODE = YES;
				CLANG_WARN__DUPLICATE_METHOD_MATCH = YES;
				CODE_SIGN_IDENTITY = "iPhone Developer";
				COPY_PHASE_STRIP = NO;
				DEBUG_INFORMATION_FORMAT = dwarf;
				ENABLE_STRICT_OBJC_MSGSEND = YES;
				ENABLE_TESTABILITY = YES;
				GCC_C_LANGUAGE_STANDARD = gnu11;
				GCC_DYNAMIC_NO_PIC = NO;
				GCC_NO_COMMON_BLOCKS = YES;
				GCC_OPTIMIZATION_LEVEL = 0;
				GCC_PREPROCESSOR_DEFINITIONS = (
					"DEBUG=1",
					"$(inherited)",
				);
				GCC_WARN_64_TO_32_BIT_CONVERSION = YES;
				GCC_WARN_ABOUT_RETURN_TYPE = YES_ERROR;
				GCC_WARN_UNDECLARED_SELECTOR = YES;
				GCC_WARN_UNINITIALIZED_AUTOS = YES_AGGRESSIVE;
				GCC_WARN_UNUSED_FUNCTION = YES;
				GCC_WARN_UNUSED_VARIABLE = YES;
				IPHONEOS_DEPLOYMENT_TARGET = 11.0;
				MTL_ENABLE_DEBUG_INFO = YES;
				ONLY_ACTIVE_ARCH = YES;
				SDKROOT = iphoneos;
				SWIFT_ACTIVE_COMPILATION_CONDITIONS = DEBUG;
				SWIFT_OPTIMIZATION_LEVEL = "-Onone";
			};
			name = Debug;
		};
		848BB74C1FF283200048718E /* Release */ = {
			isa = XCBuildConfiguration;
			buildSettings = {
				ALWAYS_SEARCH_USER_PATHS = NO;
				CLANG_ANALYZER_NONNULL = YES;
				CLANG_ANALYZER_NUMBER_OBJECT_CONVERSION = YES_AGGRESSIVE;
				CLANG_CXX_LANGUAGE_STANDARD = "gnu++14";
				CLANG_CXX_LIBRARY = "libc++";
				CLANG_ENABLE_MODULES = YES;
				CLANG_ENABLE_OBJC_ARC = YES;
				CLANG_WARN_BLOCK_CAPTURE_AUTORELEASING = YES;
				CLANG_WARN_BOOL_CONVERSION = YES;
				CLANG_WARN_COMMA = YES;
				CLANG_WARN_CONSTANT_CONVERSION = YES;
				CLANG_WARN_DIRECT_OBJC_ISA_USAGE = YES_ERROR;
				CLANG_WARN_DOCUMENTATION_COMMENTS = YES;
				CLANG_WARN_EMPTY_BODY = YES;
				CLANG_WARN_ENUM_CONVERSION = YES;
				CLANG_WARN_INFINITE_RECURSION = YES;
				CLANG_WARN_INT_CONVERSION = YES;
				CLANG_WARN_NON_LITERAL_NULL_CONVERSION = YES;
				CLANG_WARN_OBJC_LITERAL_CONVERSION = YES;
				CLANG_WARN_OBJC_ROOT_CLASS = YES_ERROR;
				CLANG_WARN_RANGE_LOOP_ANALYSIS = YES;
				CLANG_WARN_STRICT_PROTOTYPES = YES;
				CLANG_WARN_SUSPICIOUS_MOVE = YES;
				CLANG_WARN_UNGUARDED_AVAILABILITY = YES_AGGRESSIVE;
				CLANG_WARN_UNREACHABLE_CODE = YES;
				CLANG_WARN__DUPLICATE_METHOD_MATCH = YES;
				CODE_SIGN_IDENTITY = "iPhone Developer";
				COPY_PHASE_STRIP = NO;
				DEBUG_INFORMATION_FORMAT = "dwarf-with-dsym";
				ENABLE_NS_ASSERTIONS = NO;
				ENABLE_STRICT_OBJC_MSGSEND = YES;
				GCC_C_LANGUAGE_STANDARD = gnu11;
				GCC_NO_COMMON_BLOCKS = YES;
				GCC_WARN_64_TO_32_BIT_CONVERSION = YES;
				GCC_WARN_ABOUT_RETURN_TYPE = YES_ERROR;
				GCC_WARN_UNDECLARED_SELECTOR = YES;
				GCC_WARN_UNINITIALIZED_AUTOS = YES_AGGRESSIVE;
				GCC_WARN_UNUSED_FUNCTION = YES;
				GCC_WARN_UNUSED_VARIABLE = YES;
				IPHONEOS_DEPLOYMENT_TARGET = 11.0;
				MTL_ENABLE_DEBUG_INFO = NO;
				SDKROOT = iphoneos;
				SWIFT_OPTIMIZATION_LEVEL = "-Owholemodule";
				VALIDATE_PRODUCT = YES;
			};
			name = Release;
		};
		848BB74E1FF283200048718E /* Debug */ = {
			isa = XCBuildConfiguration;
			baseConfigurationReference = 30EE71484BA24DF01334488B /* Pods-Jarvis.debug.xcconfig */;
			buildSettings = {
				ASSETCATALOG_COMPILER_APPICON_NAME = AppIcon;
				CODE_SIGN_STYLE = Automatic;
				INFOPLIST_FILE = Jarvis/Info.plist;
				LD_RUNPATH_SEARCH_PATHS = "$(inherited) @executable_path/Frameworks";
				PRODUCT_BUNDLE_IDENTIFIER = com.Student.Jarvis;
				PRODUCT_NAME = "$(TARGET_NAME)";
				SWIFT_VERSION = 4.0;
				TARGETED_DEVICE_FAMILY = "1,2";
			};
			name = Debug;
		};
		848BB74F1FF283200048718E /* Release */ = {
			isa = XCBuildConfiguration;
			baseConfigurationReference = DF35A9425DCE9883C0C2A405 /* Pods-Jarvis.release.xcconfig */;
			buildSettings = {
				ASSETCATALOG_COMPILER_APPICON_NAME = AppIcon;
				CODE_SIGN_STYLE = Automatic;
				INFOPLIST_FILE = Jarvis/Info.plist;
				LD_RUNPATH_SEARCH_PATHS = "$(inherited) @executable_path/Frameworks";
				PRODUCT_BUNDLE_IDENTIFIER = com.Student.Jarvis;
				PRODUCT_NAME = "$(TARGET_NAME)";
				SWIFT_VERSION = 4.0;
				TARGETED_DEVICE_FAMILY = "1,2";
			};
			name = Release;
		};
		848BB7511FF283200048718E /* Debug */ = {
			isa = XCBuildConfiguration;
			baseConfigurationReference = 3F66B759D5F8EFC164CFE2E4 /* Pods-JarvisTests.debug.xcconfig */;
			buildSettings = {
				ALWAYS_EMBED_SWIFT_STANDARD_LIBRARIES = YES;
				BUNDLE_LOADER = "$(TEST_HOST)";
				CODE_SIGN_STYLE = Automatic;
				INFOPLIST_FILE = JarvisTests/Info.plist;
				LD_RUNPATH_SEARCH_PATHS = "$(inherited) @executable_path/Frameworks @loader_path/Frameworks";
				PRODUCT_BUNDLE_IDENTIFIER = com.Student.JarvisTests;
				PRODUCT_NAME = "$(TARGET_NAME)";
				SWIFT_VERSION = 4.0;
				TARGETED_DEVICE_FAMILY = "1,2";
				TEST_HOST = "$(BUILT_PRODUCTS_DIR)/Jarvis.app/Jarvis";
			};
			name = Debug;
		};
		848BB7521FF283200048718E /* Release */ = {
			isa = XCBuildConfiguration;
			baseConfigurationReference = 63682EBD442C29BE57CF0776 /* Pods-JarvisTests.release.xcconfig */;
			buildSettings = {
				ALWAYS_EMBED_SWIFT_STANDARD_LIBRARIES = YES;
				BUNDLE_LOADER = "$(TEST_HOST)";
				CODE_SIGN_STYLE = Automatic;
				INFOPLIST_FILE = JarvisTests/Info.plist;
				LD_RUNPATH_SEARCH_PATHS = "$(inherited) @executable_path/Frameworks @loader_path/Frameworks";
				PRODUCT_BUNDLE_IDENTIFIER = com.Student.JarvisTests;
				PRODUCT_NAME = "$(TARGET_NAME)";
				SWIFT_VERSION = 4.0;
				TARGETED_DEVICE_FAMILY = "1,2";
				TEST_HOST = "$(BUILT_PRODUCTS_DIR)/Jarvis.app/Jarvis";
			};
			name = Release;
		};
		848BB7541FF283200048718E /* Debug */ = {
			isa = XCBuildConfiguration;
			baseConfigurationReference = 3F49A2AEE66DE99AAA11FA64 /* Pods-JarvisUITests.debug.xcconfig */;
			buildSettings = {
				ALWAYS_EMBED_SWIFT_STANDARD_LIBRARIES = YES;
				CODE_SIGN_STYLE = Automatic;
				INFOPLIST_FILE = JarvisUITests/Info.plist;
				LD_RUNPATH_SEARCH_PATHS = "$(inherited) @executable_path/Frameworks @loader_path/Frameworks";
				PRODUCT_BUNDLE_IDENTIFIER = com.Student.JarvisUITests;
				PRODUCT_NAME = "$(TARGET_NAME)";
				SWIFT_VERSION = 4.0;
				TARGETED_DEVICE_FAMILY = "1,2";
				TEST_TARGET_NAME = Jarvis;
			};
			name = Debug;
		};
		848BB7551FF283200048718E /* Release */ = {
			isa = XCBuildConfiguration;
			baseConfigurationReference = B69FF898D490DF8A20CD4CFB /* Pods-JarvisUITests.release.xcconfig */;
			buildSettings = {
				ALWAYS_EMBED_SWIFT_STANDARD_LIBRARIES = YES;
				CODE_SIGN_STYLE = Automatic;
				INFOPLIST_FILE = JarvisUITests/Info.plist;
				LD_RUNPATH_SEARCH_PATHS = "$(inherited) @executable_path/Frameworks @loader_path/Frameworks";
				PRODUCT_BUNDLE_IDENTIFIER = com.Student.JarvisUITests;
				PRODUCT_NAME = "$(TARGET_NAME)";
				SWIFT_VERSION = 4.0;
				TARGETED_DEVICE_FAMILY = "1,2";
				TEST_TARGET_NAME = Jarvis;
			};
			name = Release;
		};
/* End XCBuildConfiguration section */

/* Begin XCConfigurationList section */
		848BB7201FF2831E0048718E /* Build configuration list for PBXProject "Jarvis" */ = {
			isa = XCConfigurationList;
			buildConfigurations = (
				848BB74B1FF283200048718E /* Debug */,
				848BB74C1FF283200048718E /* Release */,
			);
			defaultConfigurationIsVisible = 0;
			defaultConfigurationName = Release;
		};
		848BB74D1FF283200048718E /* Build configuration list for PBXNativeTarget "Jarvis" */ = {
			isa = XCConfigurationList;
			buildConfigurations = (
				848BB74E1FF283200048718E /* Debug */,
				848BB74F1FF283200048718E /* Release */,
			);
			defaultConfigurationIsVisible = 0;
			defaultConfigurationName = Release;
		};
		848BB7501FF283200048718E /* Build configuration list for PBXNativeTarget "JarvisTests" */ = {
			isa = XCConfigurationList;
			buildConfigurations = (
				848BB7511FF283200048718E /* Debug */,
				848BB7521FF283200048718E /* Release */,
			);
			defaultConfigurationIsVisible = 0;
			defaultConfigurationName = Release;
		};
		848BB7531FF283200048718E /* Build configuration list for PBXNativeTarget "JarvisUITests" */ = {
			isa = XCConfigurationList;
			buildConfigurations = (
				848BB7541FF283200048718E /* Debug */,
				848BB7551FF283200048718E /* Release */,
			);
			defaultConfigurationIsVisible = 0;
			defaultConfigurationName = Release;
		};
/* End XCConfigurationList section */
	};
	rootObject = 848BB71D1FF2831E0048718E /* Project object */;
}
